
Microsoft Visual Studio Solution File, Format Version 11.00
# Visual Studio 2010
Project("{FAE04EC0-301F-11D3-BF4B-00C04F79EFBC}") = "DAO", "DAO\DAO.csproj", "{8A9D404D-6D43-45A2-A597-C74F8BF464DA}"
EndProject
Project("{FAE04EC0-301F-11D3-BF4B-00C04F79EFBC}") = "DTO", "DTO\DTO.csproj", "{29F46A43-6C88-4413-8306-7D5806DDF520}"
EndProject
Project("{FAE04EC0-301F-11D3-BF4B-00C04F79EFBC}") = "DAOOracle", "DAOOracle\DAOOracle.csproj", "{11DA03D7-B545-4C09-9887-A42D352FE14A}"
EndProject
Project("{FAE04EC0-301F-11D3-BF4B-00C04F79EFBC}") = "Negocio", "Negocio\Negocio.csproj", "{875AE65E-8720-4CBF-BC9E-052789B1FF63}"
EndProject
Project("{FAE04EC0-301F-11D3-BF4B-00C04F79EFBC}") = "Utilidades", "Utilidades\Utilidades.csproj", "{EED05401-323A-4481-9A91-F06A74696ED4}"
EndProject
Project("{FAE04EC0-301F-11D3-BF4B-00C04F79EFBC}") = "Test", "Test\Test.csproj", "{091CC60B-3FD1-4803-B97F-BB83DA8ADE04}"
EndProject
Global
	GlobalSection(SolutionConfigurationPlatforms) = preSolution
		Debug|Any CPU = Debug|Any CPU
		Debug|Mixed Platforms = Debug|Mixed Platforms
		Debug|x86 = Debug|x86
		Release|Any CPU = Release|Any CPU
		Release|Mixed Platforms = Release|Mixed Platforms
		Release|x86 = Release|x86
	EndGlobalSection
	GlobalSection(ProjectConfigurationPlatforms) = postSolution
		{8A9D404D-6D43-45A2-A597-C74F8BF464DA}.Debug|Any CPU.ActiveCfg = Debug|Any CPU
		{8A9D404D-6D43-45A2-A597-C74F8BF464DA}.Debug|Any CPU.Build.0 = Debug|Any CPU
		{8A9D404D-6D43-45A2-A597-C74F8BF464DA}.Debug|Mixed Platforms.ActiveCfg = Debug|Any CPU
		{8A9D404D-6D43-45A2-A597-C74F8BF464DA}.Debug|Mixed Platforms.Build.0 = Debug|Any CPU
		{8A9D404D-6D43-45A2-A597-C74F8BF464DA}.Debug|x86.ActiveCfg = Debug|Any CPU
		{8A9D404D-6D43-45A2-A597-C74F8BF464DA}.Release|Any CPU.ActiveCfg = Release|Any CPU
		{8A9D404D-6D43-45A2-A597-C74F8BF464DA}.Release|Any CPU.Build.0 = Release|Any CPU
		{8A9D404D-6D43-45A2-A597-C74F8BF464DA}.Release|Mixed Platforms.ActiveCfg = Release|Any CPU
		{8A9D404D-6D43-45A2-A597-C74F8BF464DA}.Release|Mixed Platforms.Build.0 = Release|Any CPU
		{8A9D404D-6D43-45A2-A597-C74F8BF464DA}.Release|x86.ActiveCfg = Release|Any CPU
		{29F46A43-6C88-4413-8306-7D5806DDF520}.Debug|Any CPU.ActiveCfg = Debug|Any CPU
		{29F46A43-6C88-4413-8306-7D5806DDF520}.Debug|Any CPU.Build.0 = Debug|Any CPU
		{29F46A43-6C88-4413-8306-7D5806DDF520}.Debug|Mixed Platforms.ActiveCfg = Debug|Any CPU
		{29F46A43-6C88-4413-8306-7D5806DDF520}.Debug|Mixed Platforms.Build.0 = Debug|Any CPU
		{29F46A43-6C88-4413-8306-7D5806DDF520}.Debug|x86.ActiveCfg = Debug|Any CPU
		{29F46A43-6C88-4413-8306-7D5806DDF520}.Release|Any CPU.ActiveCfg = Release|Any CPU
		{29F46A43-6C88-4413-8306-7D5806DDF520}.Release|Any CPU.Build.0 = Release|Any CPU
		{29F46A43-6C88-4413-8306-7D5806DDF520}.Release|Mixed Platforms.ActiveCfg = Release|Any CPU
		{29F46A43-6C88-4413-8306-7D5806DDF520}.Release|Mixed Platforms.Build.0 = Release|Any CPU
		{29F46A43-6C88-4413-8306-7D5806DDF520}.Release|x86.ActiveCfg = Release|Any CPU
		{11DA03D7-B545-4C09-9887-A42D352FE14A}.Debug|Any CPU.ActiveCfg = Debug|Any CPU
		{11DA03D7-B545-4C09-9887-A42D352FE14A}.Debug|Any CPU.Build.0 = Debug|Any CPU
		{11DA03D7-B545-4C09-9887-A42D352FE14A}.Debug|Mixed Platforms.ActiveCfg = Debug|Any CPU
		{11DA03D7-B545-4C09-9887-A42D352FE14A}.Debug|Mixed Platforms.Build.0 = Debug|Any CPU
		{11DA03D7-B545-4C09-9887-A42D352FE14A}.Debug|x86.ActiveCfg = Debug|Any CPU
		{11DA03D7-B545-4C09-9887-A42D352FE14A}.Release|Any CPU.ActiveCfg = Release|Any CPU
		{11DA03D7-B545-4C09-9887-A42D352FE14A}.Release|Any CPU.Build.0 = Release|Any CPU
		{11DA03D7-B545-4C09-9887-A42D352FE14A}.Release|Mixed Platforms.ActiveCfg = Release|Any CPU
		{11DA03D7-B545-4C09-9887-A42D352FE14A}.Release|Mixed Platforms.Build.0 = Release|Any CPU
		{11DA03D7-B545-4C09-9887-A42D352FE14A}.Release|x86.ActiveCfg = Release|Any CPU
		{875AE65E-8720-4CBF-BC9E-052789B1FF63}.Debug|Any CPU.ActiveCfg = Debug|Any CPU
		{875AE65E-8720-4CBF-BC9E-052789B1FF63}.Debug|Any CPU.Build.0 = Debug|Any CPU
		{875AE65E-8720-4CBF-BC9E-052789B1FF63}.Debug|Mixed Platforms.ActiveCfg = Debug|Any CPU
		{875AE65E-8720-4CBF-BC9E-052789B1FF63}.Debug|Mixed Platforms.Build.0 = Debug|Any CPU
		{875AE65E-8720-4CBF-BC9E-052789B1FF63}.Debug|x86.ActiveCfg = Debug|Any CPU
		{875AE65E-8720-4CBF-BC9E-052789B1FF63}.Release|Any CPU.ActiveCfg = Release|Any CPU
		{875AE65E-8720-4CBF-BC9E-052789B1FF63}.Release|Any CPU.Build.0 = Release|Any CPU
		{875AE65E-8720-4CBF-BC9E-052789B1FF63}.Release|Mixed Platforms.ActiveCfg = Release|Any CPU
		{875AE65E-8720-4CBF-BC9E-052789B1FF63}.Release|Mixed Platforms.Build.0 = Release|Any CPU
		{875AE65E-8720-4CBF-BC9E-052789B1FF63}.Release|x86.ActiveCfg = Release|Any CPU
		{EED05401-323A-4481-9A91-F06A74696ED4}.Debug|Any CPU.ActiveCfg = Debug|Any CPU
		{EED05401-323A-4481-9A91-F06A74696ED4}.Debug|Any CPU.Build.0 = Debug|Any CPU
		{EED05401-323A-4481-9A91-F06A74696ED4}.Debug|Mixed Platforms.ActiveCfg = Debug|Any CPU
		{EED05401-323A-4481-9A91-F06A74696ED4}.Debug|Mixed Platforms.Build.0 = Debug|Any CPU
		{EED05401-323A-4481-9A91-F06A74696ED4}.Debug|x86.ActiveCfg = Debug|Any CPU
		{EED05401-323A-4481-9A91-F06A74696ED4}.Release|Any CPU.ActiveCfg = Release|Any CPU
		{EED05401-323A-4481-9A91-F06A74696ED4}.Release|Any CPU.Build.0 = Release|Any CPU
		{EED05401-323A-4481-9A91-F06A74696ED4}.Release|Mixed Platforms.ActiveCfg = Release|Any CPU
		{EED05401-323A-4481-9A91-F06A74696ED4}.Release|Mixed Platforms.Build.0 = Release|Any CPU
		{EED05401-323A-4481-9A91-F06A74696ED4}.Release|x86.ActiveCfg = Release|Any CPU
		{091CC60B-3FD1-4803-B97F-BB83DA8ADE04}.Debug|Any CPU.ActiveCfg = Debug|x86
		{091CC60B-3FD1-4803-B97F-BB83DA8ADE04}.Debug|Mixed Platforms.ActiveCfg = Debug|x86
		{091CC60B-3FD1-4803-B97F-BB83DA8ADE04}.Debug|Mixed Platforms.Build.0 = Debug|x86
		{091CC60B-3FD1-4803-B97F-BB83DA8ADE04}.Debug|x86.ActiveCfg = Debug|x86
		{091CC60B-3FD1-4803-B97F-BB83DA8ADE04}.Debug|x86.Build.0 = Debug|x86
		{091CC60B-3FD1-4803-B97F-BB83DA8ADE04}.Release|Any CPU.ActiveCfg = Release|x86
		{091CC60B-3FD1-4803-B97F-BB83DA8ADE04}.Release|Mixed Platforms.ActiveCfg = Release|x86
		{091CC60B-3FD1-4803-B97F-BB83DA8ADE04}.Release|Mixed Platforms.Build.0 = Release|x86
		{091CC60B-3FD1-4803-B97F-BB83DA8ADE04}.Release|x86.ActiveCfg = Release|x86
		{091CC60B-3FD1-4803-B97F-BB83DA8ADE04}.Release|x86.Build.0 = Release|x86
	EndGlobalSection
	GlobalSection(SolutionProperties) = preSolution
		HideSolutionNode = FALSE
	EndGlobalSection
EndGlobal
